
Microsoft Visual Studio Solution File, Format Version 12.00
# Visual Studio Version 16
VisualStudioVersion = 16.0.31729.503
MinimumVisualStudioVersion = 10.0.40219.1
Project("{FAE04EC0-301F-11D3-BF4B-00C04F79EFBC}") = "Exchange.DkimSigner", "Src\Exchange.DkimSigner\Exchange.DkimSigner.csproj", "{B268609E-DDDF-44E3-A246-04A1E4A55AC4}"
EndProject
Project("{FAE04EC0-301F-11D3-BF4B-00C04F79EFBC}") = "Configuration.DkimSigner", "Src\Configuration.DkimSigner\Configuration.DkimSigner.csproj", "{522FE7A3-2756-48B3-BE64-68B291B50863}"
EndProject
Global
	GlobalSection(SolutionConfigurationPlatforms) = preSolution
		Debug|Any CPU = Debug|Any CPU
		Release|Any CPU = Release|Any CPU
	EndGlobalSection
	GlobalSection(ProjectConfigurationPlatforms) = postSolution
		{B268609E-DDDF-44E3-A246-04A1E4A55AC4}.Debug|Any CPU.ActiveCfg = Debug|Any CPU
		{B268609E-DDDF-44E3-A246-04A1E4A55AC4}.Debug|Any CPU.Build.0 = Debug|Any CPU
		{B268609E-DDDF-44E3-A246-04A1E4A55AC4}.Release|Any CPU.ActiveCfg = Release|Any CPU
		{B268609E-DDDF-44E3-A246-04A1E4A55AC4}.Release|Any CPU.Build.0 = Release|Any CPU
		{522FE7A3-2756-48B3-BE64-68B291B50863}.Debug|Any CPU.ActiveCfg = Debug|Any CPU
		{522FE7A3-2756-48B3-BE64-68B291B50863}.Debug|Any CPU.Build.0 = Debug|Any CPU
		{522FE7A3-2756-48B3-BE64-68B291B50863}.Release|Any CPU.ActiveCfg = Release|Any CPU
		{522FE7A3-2756-48B3-BE64-68B291B50863}.Release|Any CPU.Build.0 = Release|Any CPU
	EndGlobalSection
	GlobalSection(SolutionProperties) = preSolution
		HideSolutionNode = FALSE
	EndGlobalSection
	GlobalSection(ExtensibilityGlobals) = postSolution
		SolutionGuid = {5CD4A865-5EEC-4E65-85A7-8F8466F556B4}
	EndGlobalSection
EndGlobal
