
Microsoft Visual Studio Solution File, Format Version 12.00
# Visual Studio 2013
VisualStudioVersion = 12.0.30110.0
MinimumVisualStudioVersion = 10.0.40219.1
Project("{FAE04EC0-301F-11D3-BF4B-00C04F79EFBC}") = "Exchange.DkimSigner (.NET 3.5)", "Src\Exchange.DkimSigner\Exchange.DkimSigner (.NET 3.5).csproj", "{3AF0EAB4-6135-4908-A659-5E3C974E4718}"
EndProject
Project("{FAE04EC0-301F-11D3-BF4B-00C04F79EFBC}") = "Exchange.DkimSigner (.NET 4)", "Src\Exchange.DkimSigner\Exchange.DkimSigner (.NET 4).csproj", "{43E9C5D1-1098-45F0-91FA-3B9BF9465249}"
EndProject
Global
	GlobalSection(SolutionConfigurationPlatforms) = preSolution
		Debug Ex2010 SP3|Any CPU = Debug Ex2010 SP3|Any CPU
		Debug Ex2013 CU2|Any CPU = Debug Ex2013 CU2|Any CPU
		Debug Ex2013|Any CPU = Debug Ex2013|Any CPU
		Debug|Any CPU = Debug|Any CPU
		Release Ex2007 SP3|Any CPU = Release Ex2007 SP3|Any CPU
		Release Ex2010 SP1|Any CPU = Release Ex2010 SP1|Any CPU
		Release Ex2010 SP2|Any CPU = Release Ex2010 SP2|Any CPU
		Release Ex2010 SP3|Any CPU = Release Ex2010 SP3|Any CPU
		Release Ex2010|Any CPU = Release Ex2010|Any CPU
		Release Ex2013 CU1|Any CPU = Release Ex2013 CU1|Any CPU
		Release Ex2013 CU2|Any CPU = Release Ex2013 CU2|Any CPU
		Release Ex2013 CU3|Any CPU = Release Ex2013 CU3|Any CPU
		Release Ex2013 SP1|Any CPU = Release Ex2013 SP1|Any CPU
		Release Ex2013|Any CPU = Release Ex2013|Any CPU
		Release|Any CPU = Release|Any CPU
	EndGlobalSection
	GlobalSection(ProjectConfigurationPlatforms) = postSolution
		{3AF0EAB4-6135-4908-A659-5E3C974E4718}.Debug Ex2010 SP3|Any CPU.ActiveCfg = Debug Ex2010 SP3|Any CPU
		{3AF0EAB4-6135-4908-A659-5E3C974E4718}.Debug Ex2010 SP3|Any CPU.Build.0 = Debug Ex2010 SP3|Any CPU
		{3AF0EAB4-6135-4908-A659-5E3C974E4718}.Debug Ex2013 CU2|Any CPU.ActiveCfg = Debug Ex2010 SP3|Any CPU
		{3AF0EAB4-6135-4908-A659-5E3C974E4718}.Debug Ex2013|Any CPU.ActiveCfg = Debug Ex2010 SP3|Any CPU
		{3AF0EAB4-6135-4908-A659-5E3C974E4718}.Debug|Any CPU.ActiveCfg = Debug Ex2010 SP3|Any CPU
		{3AF0EAB4-6135-4908-A659-5E3C974E4718}.Debug|Any CPU.Build.0 = Debug Ex2010 SP3|Any CPU
		{3AF0EAB4-6135-4908-A659-5E3C974E4718}.Release Ex2007 SP3|Any CPU.ActiveCfg = Release Ex2007 SP3|Any CPU
		{3AF0EAB4-6135-4908-A659-5E3C974E4718}.Release Ex2007 SP3|Any CPU.Build.0 = Release Ex2007 SP3|Any CPU
		{3AF0EAB4-6135-4908-A659-5E3C974E4718}.Release Ex2010 SP1|Any CPU.ActiveCfg = Release Ex2010 SP1|Any CPU
		{3AF0EAB4-6135-4908-A659-5E3C974E4718}.Release Ex2010 SP1|Any CPU.Build.0 = Release Ex2010 SP1|Any CPU
		{3AF0EAB4-6135-4908-A659-5E3C974E4718}.Release Ex2010 SP2|Any CPU.ActiveCfg = Release Ex2010 SP2|Any CPU
		{3AF0EAB4-6135-4908-A659-5E3C974E4718}.Release Ex2010 SP2|Any CPU.Build.0 = Release Ex2010 SP2|Any CPU
		{3AF0EAB4-6135-4908-A659-5E3C974E4718}.Release Ex2010 SP3|Any CPU.ActiveCfg = Release Ex2010 SP3|Any CPU
		{3AF0EAB4-6135-4908-A659-5E3C974E4718}.Release Ex2010 SP3|Any CPU.Build.0 = Release Ex2010 SP3|Any CPU
		{3AF0EAB4-6135-4908-A659-5E3C974E4718}.Release Ex2010|Any CPU.ActiveCfg = Release Ex2010|Any CPU
		{3AF0EAB4-6135-4908-A659-5E3C974E4718}.Release Ex2010|Any CPU.Build.0 = Release Ex2010|Any CPU
		{3AF0EAB4-6135-4908-A659-5E3C974E4718}.Release Ex2013 CU1|Any CPU.ActiveCfg = Release Ex2010|Any CPU
		{3AF0EAB4-6135-4908-A659-5E3C974E4718}.Release Ex2013 CU2|Any CPU.ActiveCfg = Release Ex2010|Any CPU
		{3AF0EAB4-6135-4908-A659-5E3C974E4718}.Release Ex2013 CU3|Any CPU.ActiveCfg = Release Ex2010|Any CPU
		{3AF0EAB4-6135-4908-A659-5E3C974E4718}.Release Ex2013 SP1|Any CPU.ActiveCfg = Release Ex2010|Any CPU
		{3AF0EAB4-6135-4908-A659-5E3C974E4718}.Release Ex2013|Any CPU.ActiveCfg = Release Ex2010|Any CPU
		{3AF0EAB4-6135-4908-A659-5E3C974E4718}.Release|Any CPU.ActiveCfg = Release Ex2010 SP3|Any CPU
		{3AF0EAB4-6135-4908-A659-5E3C974E4718}.Release|Any CPU.Build.0 = Release Ex2010 SP3|Any CPU
		{43E9C5D1-1098-45F0-91FA-3B9BF9465249}.Debug Ex2010 SP3|Any CPU.ActiveCfg = Debug Ex2013|Any CPU
		{43E9C5D1-1098-45F0-91FA-3B9BF9465249}.Debug Ex2013 CU2|Any CPU.ActiveCfg = Debug Ex2013 CU2|Any CPU
		{43E9C5D1-1098-45F0-91FA-3B9BF9465249}.Debug Ex2013 CU2|Any CPU.Build.0 = Debug Ex2013 CU2|Any CPU
		{43E9C5D1-1098-45F0-91FA-3B9BF9465249}.Debug Ex2013|Any CPU.ActiveCfg = Debug Ex2013|Any CPU
		{43E9C5D1-1098-45F0-91FA-3B9BF9465249}.Debug Ex2013|Any CPU.Build.0 = Debug Ex2013|Any CPU
		{43E9C5D1-1098-45F0-91FA-3B9BF9465249}.Debug|Any CPU.ActiveCfg = Debug Ex2013 CU2|Any CPU
		{43E9C5D1-1098-45F0-91FA-3B9BF9465249}.Debug|Any CPU.Build.0 = Debug Ex2013 CU2|Any CPU
		{43E9C5D1-1098-45F0-91FA-3B9BF9465249}.Release Ex2007 SP3|Any CPU.ActiveCfg = Release Ex2013|Any CPU
		{43E9C5D1-1098-45F0-91FA-3B9BF9465249}.Release Ex2010 SP1|Any CPU.ActiveCfg = Release Ex2013|Any CPU
		{43E9C5D1-1098-45F0-91FA-3B9BF9465249}.Release Ex2010 SP2|Any CPU.ActiveCfg = Release Ex2013|Any CPU
		{43E9C5D1-1098-45F0-91FA-3B9BF9465249}.Release Ex2010 SP3|Any CPU.ActiveCfg = Release Ex2013|Any CPU
		{43E9C5D1-1098-45F0-91FA-3B9BF9465249}.Release Ex2010|Any CPU.ActiveCfg = Release Ex2013|Any CPU
		{43E9C5D1-1098-45F0-91FA-3B9BF9465249}.Release Ex2013 CU1|Any CPU.ActiveCfg = Release Ex2013 CU1|Any CPU
		{43E9C5D1-1098-45F0-91FA-3B9BF9465249}.Release Ex2013 CU1|Any CPU.Build.0 = Release Ex2013 CU1|Any CPU
		{43E9C5D1-1098-45F0-91FA-3B9BF9465249}.Release Ex2013 CU2|Any CPU.ActiveCfg = Release Ex2013 CU2|Any CPU
		{43E9C5D1-1098-45F0-91FA-3B9BF9465249}.Release Ex2013 CU2|Any CPU.Build.0 = Release Ex2013 CU2|Any CPU
		{43E9C5D1-1098-45F0-91FA-3B9BF9465249}.Release Ex2013 CU3|Any CPU.ActiveCfg = Release Ex2013 CU3|Any CPU
		{43E9C5D1-1098-45F0-91FA-3B9BF9465249}.Release Ex2013 CU3|Any CPU.Build.0 = Release Ex2013 CU3|Any CPU
		{43E9C5D1-1098-45F0-91FA-3B9BF9465249}.Release Ex2013 SP1|Any CPU.ActiveCfg = Release Ex2013 SP1|Any CPU
		{43E9C5D1-1098-45F0-91FA-3B9BF9465249}.Release Ex2013 SP1|Any CPU.Build.0 = Release Ex2013 SP1|Any CPU
		{43E9C5D1-1098-45F0-91FA-3B9BF9465249}.Release Ex2013|Any CPU.ActiveCfg = Release Ex2013|Any CPU
		{43E9C5D1-1098-45F0-91FA-3B9BF9465249}.Release Ex2013|Any CPU.Build.0 = Release Ex2013|Any CPU
		{43E9C5D1-1098-45F0-91FA-3B9BF9465249}.Release|Any CPU.ActiveCfg = Release Ex2013 SP1|Any CPU
		{43E9C5D1-1098-45F0-91FA-3B9BF9465249}.Release|Any CPU.Build.0 = Release Ex2013 SP1|Any CPU
	EndGlobalSection
	GlobalSection(SolutionProperties) = preSolution
		HideSolutionNode = FALSE
	EndGlobalSection
EndGlobal
