
Microsoft Visual Studio Solution File, Format Version 12.00
# Visual Studio 2012
Project("{FAE04EC0-301F-11D3-BF4B-00C04F79EFBC}") = "Exchange.DkimSigner", "Src\Exchange.DkimSigner\Exchange.DkimSigner.csproj", "{3AF0EAB4-6135-4908-A659-5E3C974E4718}"
EndProject
Global
	GlobalSection(SolutionConfigurationPlatforms) = preSolution
		Debug Ex2010 SP3|Any CPU = Debug Ex2010 SP3|Any CPU
		Release Ex2007 SP3|Any CPU = Release Ex2007 SP3|Any CPU
		Release Ex2010|Any CPU = Release Ex2010|Any CPU
		Release Ex2010 SP1|Any CPU = Release Ex2010 SP1|Any CPU
		Release Ex2010 SP2|Any CPU = Release Ex2010 SP2|Any CPU
		Release Ex2010 SP3|Any CPU = Release Ex2010 SP3|Any CPU
		Debug Ex2013|Any CPU = Debug Ex2013|Any CPU
		Release Ex2013|Any CPU = Release Ex2013|Any CPU
	EndGlobalSection
	GlobalSection(ProjectConfigurationPlatforms) = postSolution
		{3AF0EAB4-6135-4908-A659-5E3C974E4718}.Debug Ex2010 SP3|Any CPU.ActiveCfg = Debug Ex2010 SP3|Any CPU
		{3AF0EAB4-6135-4908-A659-5E3C974E4718}.Debug Ex2010 SP3|Any CPU.Build.0 = Debug Ex2010 SP3|Any CPU
		{3AF0EAB4-6135-4908-A659-5E3C974E4718}.Release Ex2007 SP3|Any CPU.ActiveCfg = Release Ex2007 SP3|Any CPU
		{3AF0EAB4-6135-4908-A659-5E3C974E4718}.Release Ex2007 SP3|Any CPU.Build.0 = Release Ex2007 SP3|Any CPU
		{3AF0EAB4-6135-4908-A659-5E3C974E4718}.Release Ex2010|Any CPU.ActiveCfg = Release Ex2010|Any CPU
		{3AF0EAB4-6135-4908-A659-5E3C974E4718}.Release Ex2010|Any CPU.Build.0 = Release Ex2010|Any CPU
		{3AF0EAB4-6135-4908-A659-5E3C974E4718}.Release Ex2010 SP1|Any CPU.ActiveCfg = Release Ex2010 SP1|Any CPU
		{3AF0EAB4-6135-4908-A659-5E3C974E4718}.Release Ex2010 SP1|Any CPU.Build.0 = Release Ex2010 SP1|Any CPU
		{3AF0EAB4-6135-4908-A659-5E3C974E4718}.Release Ex2010 SP2|Any CPU.ActiveCfg = Release Ex2010 SP2|Any CPU
		{3AF0EAB4-6135-4908-A659-5E3C974E4718}.Release Ex2010 SP2|Any CPU.Build.0 = Release Ex2010 SP2|Any CPU
		{3AF0EAB4-6135-4908-A659-5E3C974E4718}.Release Ex2010 SP3|Any CPU.ActiveCfg = Release Ex2010 SP3|Any CPU
		{3AF0EAB4-6135-4908-A659-5E3C974E4718}.Release Ex2010 SP3|Any CPU.Build.0 = Release Ex2010 SP3|Any CPU
		{3AF0EAB4-6135-4908-A659-5E3C974E4718}.Debug Ex2013|Any CPU.ActiveCfg = Debug Ex2013|Any CPU
		{3AF0EAB4-6135-4908-A659-5E3C974E4718}.Debug Ex2013|Any CPU.Build.0 = Debug Ex2013|Any CPU
		{3AF0EAB4-6135-4908-A659-5E3C974E4718}.Release Ex2013|Any CPU.ActiveCfg = Release Ex2013|Any CPU
		{3AF0EAB4-6135-4908-A659-5E3C974E4718}.Release Ex2013|Any CPU.Build.0 = Release Ex2013|Any CPU
	EndGlobalSection
	GlobalSection(SolutionProperties) = preSolution
		HideSolutionNode = FALSE
	EndGlobalSection
EndGlobal
