
Microsoft Visual Studio Solution File, Format Version 12.00
# Visual Studio 14
VisualStudioVersion = 14.0.25420.1
MinimumVisualStudioVersion = 10.0.40219.1
Project("{FAE04EC0-301F-11D3-BF4B-00C04F79EFBC}") = "Exchange.DkimSigner", "Src\Exchange.DkimSigner\Exchange.DkimSigner.csproj", "{3AF0EAB4-6135-4908-A659-5E3C974E4718}"
EndProject
Project("{FAE04EC0-301F-11D3-BF4B-00C04F79EFBC}") = "Exchange.DkimConfiguration", "Src\Exchange.DkimConfiguration\Exchange.DkimConfiguration.csproj", "{8AA10740-EC1C-43D9-9BB2-9DF3F82A214F}"
EndProject
Project("{FAE04EC0-301F-11D3-BF4B-00C04F79EFBC}") = "Exchange.DkimVerificator", "Src\Exchange.DkimVerificator\Exchange.DkimVerificator.csproj", "{A891A6CA-1060-453D-B730-661C91C56C89}"
EndProject
Global
	GlobalSection(SolutionConfigurationPlatforms) = preSolution
		Debug Ex2010 SP3|Any CPU = Debug Ex2010 SP3|Any CPU
		Debug Ex2013 SP1 CU9|Any CPU = Debug Ex2013 SP1 CU9|Any CPU
		Debug Ex2013|Any CPU = Debug Ex2013|Any CPU
		Debug|Any CPU = Debug|Any CPU
		Ex2007 SP3 RU21|Any CPU = Ex2007 SP3 RU21|Any CPU
		Ex2007 SP3|Any CPU = Ex2007 SP3|Any CPU
		Ex2010 SP1|Any CPU = Ex2010 SP1|Any CPU
		Ex2010 SP2|Any CPU = Ex2010 SP2|Any CPU
		Ex2010 SP3|Any CPU = Ex2010 SP3|Any CPU
		Ex2010|Any CPU = Ex2010|Any CPU
		Ex2013 CU1|Any CPU = Ex2013 CU1|Any CPU
		Ex2013 CU2|Any CPU = Ex2013 CU2|Any CPU
		Ex2013 CU3|Any CPU = Ex2013 CU3|Any CPU
		Ex2013 SP1 CU10|Any CPU = Ex2013 SP1 CU10|Any CPU
		Ex2013 SP1 CU11|Any CPU = Ex2013 SP1 CU11|Any CPU
		Ex2013 SP1 CU12|Any CPU = Ex2013 SP1 CU12|Any CPU
		Ex2013 SP1 CU13|Any CPU = Ex2013 SP1 CU13|Any CPU
		Ex2013 SP1 CU14|Any CPU = Ex2013 SP1 CU14|Any CPU
		Ex2013 SP1 CU15|Any CPU = Ex2013 SP1 CU15|Any CPU
		Ex2013 SP1 CU4|Any CPU = Ex2013 SP1 CU4|Any CPU
		Ex2013 SP1 CU5|Any CPU = Ex2013 SP1 CU5|Any CPU
		Ex2013 SP1 CU6|Any CPU = Ex2013 SP1 CU6|Any CPU
		Ex2013 SP1 CU7|Any CPU = Ex2013 SP1 CU7|Any CPU
		Ex2013 SP1 CU8|Any CPU = Ex2013 SP1 CU8|Any CPU
		Ex2013 SP1 CU9|Any CPU = Ex2013 SP1 CU9|Any CPU
		Ex2013|Any CPU = Ex2013|Any CPU
		Ex2016 CU1|Any CPU = Ex2016 CU1|Any CPU
		Ex2016 CU2|Any CPU = Ex2016 CU2|Any CPU
		Ex2016 CU3|Any CPU = Ex2016 CU3|Any CPU
		Ex2016 CU4|Any CPU = Ex2016 CU4|Any CPU
		Ex2016 Preview|Any CPU = Ex2016 Preview|Any CPU
		Ex2016 RTM|Any CPU = Ex2016 RTM|Any CPU
		Release|Any CPU = Release|Any CPU
	EndGlobalSection
	GlobalSection(ProjectConfigurationPlatforms) = postSolution
		{3AF0EAB4-6135-4908-A659-5E3C974E4718}.Debug Ex2010 SP3|Any CPU.ActiveCfg = Debug Ex2010 SP3|Any CPU
		{3AF0EAB4-6135-4908-A659-5E3C974E4718}.Debug Ex2010 SP3|Any CPU.Build.0 = Debug Ex2010 SP3|Any CPU
		{3AF0EAB4-6135-4908-A659-5E3C974E4718}.Debug Ex2013 SP1 CU9|Any CPU.ActiveCfg = Debug Ex2013 SP1 CU9|Any CPU
		{3AF0EAB4-6135-4908-A659-5E3C974E4718}.Debug Ex2013 SP1 CU9|Any CPU.Build.0 = Debug Ex2013 SP1 CU9|Any CPU
		{3AF0EAB4-6135-4908-A659-5E3C974E4718}.Debug Ex2013|Any CPU.ActiveCfg = Debug Ex2013|Any CPU
		{3AF0EAB4-6135-4908-A659-5E3C974E4718}.Debug Ex2013|Any CPU.Build.0 = Debug Ex2013|Any CPU
		{3AF0EAB4-6135-4908-A659-5E3C974E4718}.Debug|Any CPU.ActiveCfg = Debug Ex2013|Any CPU
		{3AF0EAB4-6135-4908-A659-5E3C974E4718}.Debug|Any CPU.Build.0 = Debug Ex2013|Any CPU
		{3AF0EAB4-6135-4908-A659-5E3C974E4718}.Ex2007 SP3 RU21|Any CPU.ActiveCfg = Ex2007 SP3 RU21|Any CPU
		{3AF0EAB4-6135-4908-A659-5E3C974E4718}.Ex2007 SP3 RU21|Any CPU.Build.0 = Ex2007 SP3 RU21|Any CPU
		{3AF0EAB4-6135-4908-A659-5E3C974E4718}.Ex2007 SP3|Any CPU.ActiveCfg = Ex2007 SP3|Any CPU
		{3AF0EAB4-6135-4908-A659-5E3C974E4718}.Ex2007 SP3|Any CPU.Build.0 = Ex2007 SP3|Any CPU
		{3AF0EAB4-6135-4908-A659-5E3C974E4718}.Ex2010 SP1|Any CPU.ActiveCfg = Ex2010 SP1|Any CPU
		{3AF0EAB4-6135-4908-A659-5E3C974E4718}.Ex2010 SP1|Any CPU.Build.0 = Ex2010 SP1|Any CPU
		{3AF0EAB4-6135-4908-A659-5E3C974E4718}.Ex2010 SP2|Any CPU.ActiveCfg = Ex2010 SP2|Any CPU
		{3AF0EAB4-6135-4908-A659-5E3C974E4718}.Ex2010 SP2|Any CPU.Build.0 = Ex2010 SP2|Any CPU
		{3AF0EAB4-6135-4908-A659-5E3C974E4718}.Ex2010 SP3|Any CPU.ActiveCfg = Ex2010 SP3|Any CPU
		{3AF0EAB4-6135-4908-A659-5E3C974E4718}.Ex2010 SP3|Any CPU.Build.0 = Ex2010 SP3|Any CPU
		{3AF0EAB4-6135-4908-A659-5E3C974E4718}.Ex2010|Any CPU.ActiveCfg = Ex2010|Any CPU
		{3AF0EAB4-6135-4908-A659-5E3C974E4718}.Ex2010|Any CPU.Build.0 = Ex2010|Any CPU
		{3AF0EAB4-6135-4908-A659-5E3C974E4718}.Ex2013 CU1|Any CPU.ActiveCfg = Ex2013 CU1|Any CPU
		{3AF0EAB4-6135-4908-A659-5E3C974E4718}.Ex2013 CU1|Any CPU.Build.0 = Ex2013 CU1|Any CPU
		{3AF0EAB4-6135-4908-A659-5E3C974E4718}.Ex2013 CU2|Any CPU.ActiveCfg = Ex2013 CU2|Any CPU
		{3AF0EAB4-6135-4908-A659-5E3C974E4718}.Ex2013 CU2|Any CPU.Build.0 = Ex2013 CU2|Any CPU
		{3AF0EAB4-6135-4908-A659-5E3C974E4718}.Ex2013 CU3|Any CPU.ActiveCfg = Ex2013 CU3|Any CPU
		{3AF0EAB4-6135-4908-A659-5E3C974E4718}.Ex2013 CU3|Any CPU.Build.0 = Ex2013 CU3|Any CPU
		{3AF0EAB4-6135-4908-A659-5E3C974E4718}.Ex2013 SP1 CU10|Any CPU.ActiveCfg = Ex2013 SP1 CU10|Any CPU
		{3AF0EAB4-6135-4908-A659-5E3C974E4718}.Ex2013 SP1 CU10|Any CPU.Build.0 = Ex2013 SP1 CU10|Any CPU
		{3AF0EAB4-6135-4908-A659-5E3C974E4718}.Ex2013 SP1 CU11|Any CPU.ActiveCfg = Ex2013 SP1 CU11|Any CPU
		{3AF0EAB4-6135-4908-A659-5E3C974E4718}.Ex2013 SP1 CU11|Any CPU.Build.0 = Ex2013 SP1 CU11|Any CPU
		{3AF0EAB4-6135-4908-A659-5E3C974E4718}.Ex2013 SP1 CU12|Any CPU.ActiveCfg = Ex2013 SP1 CU12|Any CPU
		{3AF0EAB4-6135-4908-A659-5E3C974E4718}.Ex2013 SP1 CU12|Any CPU.Build.0 = Ex2013 SP1 CU12|Any CPU
		{3AF0EAB4-6135-4908-A659-5E3C974E4718}.Ex2013 SP1 CU13|Any CPU.ActiveCfg = Ex2013 SP1 CU13|Any CPU
		{3AF0EAB4-6135-4908-A659-5E3C974E4718}.Ex2013 SP1 CU13|Any CPU.Build.0 = Ex2013 SP1 CU13|Any CPU
		{3AF0EAB4-6135-4908-A659-5E3C974E4718}.Ex2013 SP1 CU14|Any CPU.ActiveCfg = Ex2013 SP1 CU14|Any CPU
		{3AF0EAB4-6135-4908-A659-5E3C974E4718}.Ex2013 SP1 CU14|Any CPU.Build.0 = Ex2013 SP1 CU14|Any CPU
		{3AF0EAB4-6135-4908-A659-5E3C974E4718}.Ex2013 SP1 CU15|Any CPU.ActiveCfg = Ex2013 SP1 CU15|Any CPU
		{3AF0EAB4-6135-4908-A659-5E3C974E4718}.Ex2013 SP1 CU15|Any CPU.Build.0 = Ex2013 SP1 CU15|Any CPU
		{3AF0EAB4-6135-4908-A659-5E3C974E4718}.Ex2013 SP1 CU4|Any CPU.ActiveCfg = Ex2013 SP1 CU4|Any CPU
		{3AF0EAB4-6135-4908-A659-5E3C974E4718}.Ex2013 SP1 CU4|Any CPU.Build.0 = Ex2013 SP1 CU4|Any CPU
		{3AF0EAB4-6135-4908-A659-5E3C974E4718}.Ex2013 SP1 CU5|Any CPU.ActiveCfg = Ex2013 SP1 CU5|Any CPU
		{3AF0EAB4-6135-4908-A659-5E3C974E4718}.Ex2013 SP1 CU5|Any CPU.Build.0 = Ex2013 SP1 CU5|Any CPU
		{3AF0EAB4-6135-4908-A659-5E3C974E4718}.Ex2013 SP1 CU6|Any CPU.ActiveCfg = Ex2013 SP1 CU6|Any CPU
		{3AF0EAB4-6135-4908-A659-5E3C974E4718}.Ex2013 SP1 CU6|Any CPU.Build.0 = Ex2013 SP1 CU6|Any CPU
		{3AF0EAB4-6135-4908-A659-5E3C974E4718}.Ex2013 SP1 CU7|Any CPU.ActiveCfg = Ex2013 SP1 CU7|Any CPU
		{3AF0EAB4-6135-4908-A659-5E3C974E4718}.Ex2013 SP1 CU7|Any CPU.Build.0 = Ex2013 SP1 CU7|Any CPU
		{3AF0EAB4-6135-4908-A659-5E3C974E4718}.Ex2013 SP1 CU8|Any CPU.ActiveCfg = Ex2013 SP1 CU8|Any CPU
		{3AF0EAB4-6135-4908-A659-5E3C974E4718}.Ex2013 SP1 CU8|Any CPU.Build.0 = Ex2013 SP1 CU8|Any CPU
		{3AF0EAB4-6135-4908-A659-5E3C974E4718}.Ex2013 SP1 CU9|Any CPU.ActiveCfg = Ex2013 SP1 CU9|Any CPU
		{3AF0EAB4-6135-4908-A659-5E3C974E4718}.Ex2013 SP1 CU9|Any CPU.Build.0 = Ex2013 SP1 CU9|Any CPU
		{3AF0EAB4-6135-4908-A659-5E3C974E4718}.Ex2013|Any CPU.ActiveCfg = Ex2013|Any CPU
		{3AF0EAB4-6135-4908-A659-5E3C974E4718}.Ex2013|Any CPU.Build.0 = Ex2013|Any CPU
		{3AF0EAB4-6135-4908-A659-5E3C974E4718}.Ex2016 CU1|Any CPU.ActiveCfg = Ex2016 CU1|Any CPU
		{3AF0EAB4-6135-4908-A659-5E3C974E4718}.Ex2016 CU1|Any CPU.Build.0 = Ex2016 CU1|Any CPU
		{3AF0EAB4-6135-4908-A659-5E3C974E4718}.Ex2016 CU2|Any CPU.ActiveCfg = Ex2016 CU2|Any CPU
		{3AF0EAB4-6135-4908-A659-5E3C974E4718}.Ex2016 CU2|Any CPU.Build.0 = Ex2016 CU2|Any CPU
		{3AF0EAB4-6135-4908-A659-5E3C974E4718}.Ex2016 CU3|Any CPU.ActiveCfg = Ex2016 CU3|Any CPU
		{3AF0EAB4-6135-4908-A659-5E3C974E4718}.Ex2016 CU3|Any CPU.Build.0 = Ex2016 CU3|Any CPU
		{3AF0EAB4-6135-4908-A659-5E3C974E4718}.Ex2016 CU4|Any CPU.ActiveCfg = Ex2016 CU4|Any CPU
		{3AF0EAB4-6135-4908-A659-5E3C974E4718}.Ex2016 CU4|Any CPU.Build.0 = Ex2016 CU4|Any CPU
		{3AF0EAB4-6135-4908-A659-5E3C974E4718}.Ex2016 Preview|Any CPU.ActiveCfg = Ex2016 Preview|Any CPU
		{3AF0EAB4-6135-4908-A659-5E3C974E4718}.Ex2016 Preview|Any CPU.Build.0 = Ex2016 Preview|Any CPU
		{3AF0EAB4-6135-4908-A659-5E3C974E4718}.Ex2016 RTM|Any CPU.ActiveCfg = Ex2016 RTM|Any CPU
		{3AF0EAB4-6135-4908-A659-5E3C974E4718}.Ex2016 RTM|Any CPU.Build.0 = Ex2016 RTM|Any CPU
		{3AF0EAB4-6135-4908-A659-5E3C974E4718}.Release|Any CPU.ActiveCfg = Ex2016 CU1|Any CPU
		{8AA10740-EC1C-43D9-9BB2-9DF3F82A214F}.Debug Ex2010 SP3|Any CPU.ActiveCfg = Release|Any CPU
		{8AA10740-EC1C-43D9-9BB2-9DF3F82A214F}.Debug Ex2013 SP1 CU9|Any CPU.ActiveCfg = Release|Any CPU
		{8AA10740-EC1C-43D9-9BB2-9DF3F82A214F}.Debug Ex2013|Any CPU.ActiveCfg = Release|Any CPU
		{8AA10740-EC1C-43D9-9BB2-9DF3F82A214F}.Debug|Any CPU.ActiveCfg = Debug|Any CPU
		{8AA10740-EC1C-43D9-9BB2-9DF3F82A214F}.Debug|Any CPU.Build.0 = Debug|Any CPU
		{8AA10740-EC1C-43D9-9BB2-9DF3F82A214F}.Ex2007 SP3 RU21|Any CPU.ActiveCfg = Release|Any CPU
		{8AA10740-EC1C-43D9-9BB2-9DF3F82A214F}.Ex2007 SP3|Any CPU.ActiveCfg = Release|Any CPU
		{8AA10740-EC1C-43D9-9BB2-9DF3F82A214F}.Ex2010 SP1|Any CPU.ActiveCfg = Release|Any CPU
		{8AA10740-EC1C-43D9-9BB2-9DF3F82A214F}.Ex2010 SP2|Any CPU.ActiveCfg = Release|Any CPU
		{8AA10740-EC1C-43D9-9BB2-9DF3F82A214F}.Ex2010 SP3|Any CPU.ActiveCfg = Release|Any CPU
		{8AA10740-EC1C-43D9-9BB2-9DF3F82A214F}.Ex2010|Any CPU.ActiveCfg = Release|Any CPU
		{8AA10740-EC1C-43D9-9BB2-9DF3F82A214F}.Ex2013 CU1|Any CPU.ActiveCfg = Release|Any CPU
		{8AA10740-EC1C-43D9-9BB2-9DF3F82A214F}.Ex2013 CU2|Any CPU.ActiveCfg = Release|Any CPU
		{8AA10740-EC1C-43D9-9BB2-9DF3F82A214F}.Ex2013 CU3|Any CPU.ActiveCfg = Release|Any CPU
		{8AA10740-EC1C-43D9-9BB2-9DF3F82A214F}.Ex2013 SP1 CU10|Any CPU.ActiveCfg = Release|Any CPU
		{8AA10740-EC1C-43D9-9BB2-9DF3F82A214F}.Ex2013 SP1 CU11|Any CPU.ActiveCfg = Release|Any CPU
		{8AA10740-EC1C-43D9-9BB2-9DF3F82A214F}.Ex2013 SP1 CU12|Any CPU.ActiveCfg = Release|Any CPU
		{8AA10740-EC1C-43D9-9BB2-9DF3F82A214F}.Ex2013 SP1 CU13|Any CPU.ActiveCfg = Release|Any CPU
		{8AA10740-EC1C-43D9-9BB2-9DF3F82A214F}.Ex2013 SP1 CU14|Any CPU.ActiveCfg = Release|Any CPU
		{8AA10740-EC1C-43D9-9BB2-9DF3F82A214F}.Ex2013 SP1 CU15|Any CPU.ActiveCfg = Release|Any CPU
		{8AA10740-EC1C-43D9-9BB2-9DF3F82A214F}.Ex2013 SP1 CU4|Any CPU.ActiveCfg = Release|Any CPU
		{8AA10740-EC1C-43D9-9BB2-9DF3F82A214F}.Ex2013 SP1 CU5|Any CPU.ActiveCfg = Release|Any CPU
		{8AA10740-EC1C-43D9-9BB2-9DF3F82A214F}.Ex2013 SP1 CU6|Any CPU.ActiveCfg = Release|Any CPU
		{8AA10740-EC1C-43D9-9BB2-9DF3F82A214F}.Ex2013 SP1 CU7|Any CPU.ActiveCfg = Release|Any CPU
		{8AA10740-EC1C-43D9-9BB2-9DF3F82A214F}.Ex2013 SP1 CU8|Any CPU.ActiveCfg = Release|Any CPU
		{8AA10740-EC1C-43D9-9BB2-9DF3F82A214F}.Ex2013 SP1 CU9|Any CPU.ActiveCfg = Release|Any CPU
		{8AA10740-EC1C-43D9-9BB2-9DF3F82A214F}.Ex2013|Any CPU.ActiveCfg = Release|Any CPU
		{8AA10740-EC1C-43D9-9BB2-9DF3F82A214F}.Ex2016 CU1|Any CPU.ActiveCfg = Release|Any CPU
		{8AA10740-EC1C-43D9-9BB2-9DF3F82A214F}.Ex2016 CU2|Any CPU.ActiveCfg = Release|Any CPU
		{8AA10740-EC1C-43D9-9BB2-9DF3F82A214F}.Ex2016 CU3|Any CPU.ActiveCfg = Release|Any CPU
		{8AA10740-EC1C-43D9-9BB2-9DF3F82A214F}.Ex2016 CU4|Any CPU.ActiveCfg = Release|Any CPU
		{8AA10740-EC1C-43D9-9BB2-9DF3F82A214F}.Ex2016 Preview|Any CPU.ActiveCfg = Release|Any CPU
		{8AA10740-EC1C-43D9-9BB2-9DF3F82A214F}.Ex2016 RTM|Any CPU.ActiveCfg = Release|Any CPU
		{8AA10740-EC1C-43D9-9BB2-9DF3F82A214F}.Release|Any CPU.ActiveCfg = Release|Any CPU
		{A891A6CA-1060-453D-B730-661C91C56C89}.Debug Ex2010 SP3|Any CPU.ActiveCfg = Debug|Any CPU
		{A891A6CA-1060-453D-B730-661C91C56C89}.Debug Ex2010 SP3|Any CPU.Build.0 = Debug|Any CPU
		{A891A6CA-1060-453D-B730-661C91C56C89}.Debug Ex2013 SP1 CU9|Any CPU.ActiveCfg = Debug|Any CPU
		{A891A6CA-1060-453D-B730-661C91C56C89}.Debug Ex2013 SP1 CU9|Any CPU.Build.0 = Debug|Any CPU
		{A891A6CA-1060-453D-B730-661C91C56C89}.Debug Ex2013|Any CPU.ActiveCfg = Debug|Any CPU
		{A891A6CA-1060-453D-B730-661C91C56C89}.Debug Ex2013|Any CPU.Build.0 = Debug|Any CPU
		{A891A6CA-1060-453D-B730-661C91C56C89}.Debug|Any CPU.ActiveCfg = Debug|Any CPU
		{A891A6CA-1060-453D-B730-661C91C56C89}.Debug|Any CPU.Build.0 = Debug|Any CPU
		{A891A6CA-1060-453D-B730-661C91C56C89}.Ex2007 SP3 RU21|Any CPU.ActiveCfg = Release|Any CPU
		{A891A6CA-1060-453D-B730-661C91C56C89}.Ex2007 SP3 RU21|Any CPU.Build.0 = Release|Any CPU
		{A891A6CA-1060-453D-B730-661C91C56C89}.Ex2007 SP3|Any CPU.ActiveCfg = Release|Any CPU
		{A891A6CA-1060-453D-B730-661C91C56C89}.Ex2007 SP3|Any CPU.Build.0 = Release|Any CPU
		{A891A6CA-1060-453D-B730-661C91C56C89}.Ex2010 SP1|Any CPU.ActiveCfg = Release|Any CPU
		{A891A6CA-1060-453D-B730-661C91C56C89}.Ex2010 SP1|Any CPU.Build.0 = Release|Any CPU
		{A891A6CA-1060-453D-B730-661C91C56C89}.Ex2010 SP2|Any CPU.ActiveCfg = Release|Any CPU
		{A891A6CA-1060-453D-B730-661C91C56C89}.Ex2010 SP2|Any CPU.Build.0 = Release|Any CPU
		{A891A6CA-1060-453D-B730-661C91C56C89}.Ex2010 SP3|Any CPU.ActiveCfg = Release|Any CPU
		{A891A6CA-1060-453D-B730-661C91C56C89}.Ex2010 SP3|Any CPU.Build.0 = Release|Any CPU
		{A891A6CA-1060-453D-B730-661C91C56C89}.Ex2010|Any CPU.ActiveCfg = Release|Any CPU
		{A891A6CA-1060-453D-B730-661C91C56C89}.Ex2010|Any CPU.Build.0 = Release|Any CPU
		{A891A6CA-1060-453D-B730-661C91C56C89}.Ex2013 CU1|Any CPU.ActiveCfg = Release|Any CPU
		{A891A6CA-1060-453D-B730-661C91C56C89}.Ex2013 CU1|Any CPU.Build.0 = Release|Any CPU
		{A891A6CA-1060-453D-B730-661C91C56C89}.Ex2013 CU2|Any CPU.ActiveCfg = Release|Any CPU
		{A891A6CA-1060-453D-B730-661C91C56C89}.Ex2013 CU2|Any CPU.Build.0 = Release|Any CPU
		{A891A6CA-1060-453D-B730-661C91C56C89}.Ex2013 CU3|Any CPU.ActiveCfg = Release|Any CPU
		{A891A6CA-1060-453D-B730-661C91C56C89}.Ex2013 CU3|Any CPU.Build.0 = Release|Any CPU
		{A891A6CA-1060-453D-B730-661C91C56C89}.Ex2013 SP1 CU10|Any CPU.ActiveCfg = Release|Any CPU
		{A891A6CA-1060-453D-B730-661C91C56C89}.Ex2013 SP1 CU10|Any CPU.Build.0 = Release|Any CPU
		{A891A6CA-1060-453D-B730-661C91C56C89}.Ex2013 SP1 CU11|Any CPU.ActiveCfg = Release|Any CPU
		{A891A6CA-1060-453D-B730-661C91C56C89}.Ex2013 SP1 CU11|Any CPU.Build.0 = Release|Any CPU
		{A891A6CA-1060-453D-B730-661C91C56C89}.Ex2013 SP1 CU12|Any CPU.ActiveCfg = Release|Any CPU
		{A891A6CA-1060-453D-B730-661C91C56C89}.Ex2013 SP1 CU12|Any CPU.Build.0 = Release|Any CPU
		{A891A6CA-1060-453D-B730-661C91C56C89}.Ex2013 SP1 CU13|Any CPU.ActiveCfg = Release|Any CPU
		{A891A6CA-1060-453D-B730-661C91C56C89}.Ex2013 SP1 CU13|Any CPU.Build.0 = Release|Any CPU
		{A891A6CA-1060-453D-B730-661C91C56C89}.Ex2013 SP1 CU14|Any CPU.ActiveCfg = Release|Any CPU
		{A891A6CA-1060-453D-B730-661C91C56C89}.Ex2013 SP1 CU14|Any CPU.Build.0 = Release|Any CPU
		{A891A6CA-1060-453D-B730-661C91C56C89}.Ex2013 SP1 CU15|Any CPU.ActiveCfg = Release|Any CPU
		{A891A6CA-1060-453D-B730-661C91C56C89}.Ex2013 SP1 CU15|Any CPU.Build.0 = Release|Any CPU
		{A891A6CA-1060-453D-B730-661C91C56C89}.Ex2013 SP1 CU4|Any CPU.ActiveCfg = Release|Any CPU
		{A891A6CA-1060-453D-B730-661C91C56C89}.Ex2013 SP1 CU4|Any CPU.Build.0 = Release|Any CPU
		{A891A6CA-1060-453D-B730-661C91C56C89}.Ex2013 SP1 CU5|Any CPU.ActiveCfg = Release|Any CPU
		{A891A6CA-1060-453D-B730-661C91C56C89}.Ex2013 SP1 CU5|Any CPU.Build.0 = Release|Any CPU
		{A891A6CA-1060-453D-B730-661C91C56C89}.Ex2013 SP1 CU6|Any CPU.ActiveCfg = Release|Any CPU
		{A891A6CA-1060-453D-B730-661C91C56C89}.Ex2013 SP1 CU6|Any CPU.Build.0 = Release|Any CPU
		{A891A6CA-1060-453D-B730-661C91C56C89}.Ex2013 SP1 CU7|Any CPU.ActiveCfg = Release|Any CPU
		{A891A6CA-1060-453D-B730-661C91C56C89}.Ex2013 SP1 CU7|Any CPU.Build.0 = Release|Any CPU
		{A891A6CA-1060-453D-B730-661C91C56C89}.Ex2013 SP1 CU8|Any CPU.ActiveCfg = Release|Any CPU
		{A891A6CA-1060-453D-B730-661C91C56C89}.Ex2013 SP1 CU8|Any CPU.Build.0 = Release|Any CPU
		{A891A6CA-1060-453D-B730-661C91C56C89}.Ex2013 SP1 CU9|Any CPU.ActiveCfg = Release|Any CPU
		{A891A6CA-1060-453D-B730-661C91C56C89}.Ex2013 SP1 CU9|Any CPU.Build.0 = Release|Any CPU
		{A891A6CA-1060-453D-B730-661C91C56C89}.Ex2013|Any CPU.ActiveCfg = Release|Any CPU
		{A891A6CA-1060-453D-B730-661C91C56C89}.Ex2013|Any CPU.Build.0 = Release|Any CPU
		{A891A6CA-1060-453D-B730-661C91C56C89}.Ex2016 CU1|Any CPU.ActiveCfg = Release|Any CPU
		{A891A6CA-1060-453D-B730-661C91C56C89}.Ex2016 CU1|Any CPU.Build.0 = Release|Any CPU
		{A891A6CA-1060-453D-B730-661C91C56C89}.Ex2016 CU2|Any CPU.ActiveCfg = Release|Any CPU
		{A891A6CA-1060-453D-B730-661C91C56C89}.Ex2016 CU2|Any CPU.Build.0 = Release|Any CPU
		{A891A6CA-1060-453D-B730-661C91C56C89}.Ex2016 CU3|Any CPU.ActiveCfg = Release|Any CPU
		{A891A6CA-1060-453D-B730-661C91C56C89}.Ex2016 CU3|Any CPU.Build.0 = Release|Any CPU
		{A891A6CA-1060-453D-B730-661C91C56C89}.Ex2016 CU4|Any CPU.ActiveCfg = Release|Any CPU
		{A891A6CA-1060-453D-B730-661C91C56C89}.Ex2016 CU4|Any CPU.Build.0 = Release|Any CPU
		{A891A6CA-1060-453D-B730-661C91C56C89}.Ex2016 Preview|Any CPU.ActiveCfg = Release|Any CPU
		{A891A6CA-1060-453D-B730-661C91C56C89}.Ex2016 Preview|Any CPU.Build.0 = Release|Any CPU
		{A891A6CA-1060-453D-B730-661C91C56C89}.Ex2016 RTM|Any CPU.ActiveCfg = Release|Any CPU
		{A891A6CA-1060-453D-B730-661C91C56C89}.Ex2016 RTM|Any CPU.Build.0 = Release|Any CPU
		{A891A6CA-1060-453D-B730-661C91C56C89}.Release|Any CPU.ActiveCfg = Release|Any CPU
		{A891A6CA-1060-453D-B730-661C91C56C89}.Release|Any CPU.Build.0 = Release|Any CPU
	EndGlobalSection
	GlobalSection(SolutionProperties) = preSolution
		HideSolutionNode = FALSE
	EndGlobalSection
EndGlobal
